{
  "version": 4,
  "terraform_version": "1.14.0",
  "serial": 1,
  "lineage": "a07f0d59-cc24-b483-2d24-39dba08f3c0c",
  "outputs": {},
  "resources": [
    {
      "mode": "managed",
      "type": "local_file",
      "name": "devops",
      "provider": "provider[\"registry.terraform.io/hashicorp/local\"]",
      "instances": [
        {
          "schema_version": 0,
          "attributes": {
            "content": "I want to become a Devops Engineer",
            "content_base64": null,
            "content_base64sha256": "OvFMt9FjnwJZ+mDiE6YdemnBkUoZcnhbK9QCR+JtClY=",
            "content_base64sha512": "pUXZo3dtsVQE7tAcC4on5/txWQ3DlKMaHCjfsQsSv3r34ZzlyCs52HPyL28t56bo4gWehdDOKh5r0HHL3Rir1w==",
            "content_md5": "8bbcbb890aad41f1723e40aed7ed11ab",
            "content_sha1": "15b8e019f5f1b06d3cea1f6bedf3bc0b406e98cc",
            "content_sha256": "3af14cb7d1639f0259fa60e213a61d7a69c1914a1972785b2bd40247e26d0a56",
            "content_sha512": "a545d9a3776db15404eed01c0b8a27e7fb71590dc394a31a1c28dfb10b12bf7af7e19ce5c82b39d873f22f6f2de7a6e8e2059e85d0ce2a1e6bd071cbdd18abd7",
            "directory_permission": "0777",
            "file_permission": "0777",
            "filename": "/home/ubuntu/terraform-course/terraform-local/devops_automated.txt",
            "id": "15b8e019f5f1b06d3cea1f6bedf3bc0b406e98cc",
            "sensitive_content": null,
            "source": null
          },
          "sensitive_attributes": [
            [
              {
                "type": "get_attr",
                "value": "sensitive_content"
              }
            ]
          ],
          "identity_schema_version": 0
        }
      ]
    }
  ],
  "check_results": null
}
